
Microsoft Visual Studio Solution File, Format Version 12.00
# Visual Studio Version 16
VisualStudioVersion = 16.0.31702.278
MinimumVisualStudioVersion = 10.0.40219.1
Project("{9A19103F-16F7-4668-BE54-9A1E7A4F7556}") = "WellPlateUserControl", "WellPlateUserControl.csproj", "{BC78F354-5D47-4D4D-A55C-A01C6EF65C06}"
EndProject
Project("{FAE04EC0-301F-11D3-BF4B-00C04F79EFBC}") = "TestApplication", "..\TestApplication\TestApplication.csproj", "{DE5B88CA-4D9D-4C79-A047-EA1D04265B6C}"
EndProject
Global
	GlobalSection(SolutionConfigurationPlatforms) = preSolution
		Debug|Any CPU = Debug|Any CPU
		Release|Any CPU = Release|Any CPU
	EndGlobalSection
	GlobalSection(ProjectConfigurationPlatforms) = postSolution
		{BC78F354-5D47-4D4D-A55C-A01C6EF65C06}.Debug|Any CPU.ActiveCfg = Debug|Any CPU
		{BC78F354-5D47-4D4D-A55C-A01C6EF65C06}.Debug|Any CPU.Build.0 = Debug|Any CPU
		{BC78F354-5D47-4D4D-A55C-A01C6EF65C06}.Release|Any CPU.ActiveCfg = Release|Any CPU
		{BC78F354-5D47-4D4D-A55C-A01C6EF65C06}.Release|Any CPU.Build.0 = Release|Any CPU
		{DE5B88CA-4D9D-4C79-A047-EA1D04265B6C}.Debug|Any CPU.ActiveCfg = Debug|Any CPU
		{DE5B88CA-4D9D-4C79-A047-EA1D04265B6C}.Debug|Any CPU.Build.0 = Debug|Any CPU
		{DE5B88CA-4D9D-4C79-A047-EA1D04265B6C}.Release|Any CPU.ActiveCfg = Release|Any CPU
		{DE5B88CA-4D9D-4C79-A047-EA1D04265B6C}.Release|Any CPU.Build.0 = Release|Any CPU
	EndGlobalSection
	GlobalSection(SolutionProperties) = preSolution
		HideSolutionNode = FALSE
	EndGlobalSection
	GlobalSection(ExtensibilityGlobals) = postSolution
		SolutionGuid = {E14FF474-3B60-4797-BFEF-A2EE3C51D6A0}
	EndGlobalSection
EndGlobal
